
Microsoft Visual Studio Solution File, Format Version 12.00
# Visual Studio 15
VisualStudioVersion = 15.0.33529.398
MinimumVisualStudioVersion = 10.0.40219.1
Project("{FAE04EC0-301F-11D3-BF4B-00C04F79EFBC}") = "WPFSampleApp", "WPFSampleApp\WPFSampleApp\WPFSampleApp.csproj", "{2B554A54-7DC0-4E3D-8E91-8808D3A7D6B2}"
	ProjectSection(ProjectDependencies) = postProject
		{B8C14118-06DC-4E64-A8AC-B645CAE3318E} = {B8C14118-06DC-4E64-A8AC-B645CAE3318E}
	EndProjectSection
EndProject
Project("{FAE04EC0-301F-11D3-BF4B-00C04F79EFBC}") = "DatabaseAccessLib", "DatabaseAccessLib\DatabaseAccessLib\DatabaseAccessLib.csproj", "{B8C14118-06DC-4E64-A8AC-B645CAE3318E}"
EndProject
Project("{FAE04EC0-301F-11D3-BF4B-00C04F79EFBC}") = "DatabaseAccessLibUnitTests", "DatabaseAccessLib\DatabaseAccessLibUnitTests\DatabaseAccessLibUnitTests.csproj", "{D6B4BFB4-2C51-43E0-AF13-0DF801A21BFD}"
EndProject
Project("{2150E333-8FDC-42A3-9474-1A3956D46DE8}") = "Solution Items", "Solution Items", "{1422733B-0C93-4DE6-BA20-6A3FF88C66FF}"
	ProjectSection(SolutionItems) = preProject
		README.md = README.md
	EndProjectSection
EndProject
Project("{FAE04EC0-301F-11D3-BF4B-00C04F79EFBC}") = "WCFSampleService", "WCFSampleApp\WCFSampleService\WCFSampleService.csproj", "{919AD298-DE7F-498F-B71C-C60360DA0169}"
EndProject
Project("{FAE04EC0-301F-11D3-BF4B-00C04F79EFBC}") = "WCFSampleServer", "WCFSampleApp\WCFSampleServer\WCFSampleServer\WCFSampleServer.csproj", "{0C8BE616-4193-4C21-B529-407C407DA38C}"
	ProjectSection(ProjectDependencies) = postProject
		{919AD298-DE7F-498F-B71C-C60360DA0169} = {919AD298-DE7F-498F-B71C-C60360DA0169}
	EndProjectSection
EndProject
Project("{FAE04EC0-301F-11D3-BF4B-00C04F79EFBC}") = "WCFSampleClient", "WCFSampleApp\WCFSampleClient\WCFSampleClient\WCFSampleClient.csproj", "{86C0726A-B274-4109-81F6-BB38EAD87999}"
EndProject
Project("{FAE04EC0-301F-11D3-BF4B-00C04F79EFBC}") = "UtilityFunctions", "UtilityFunctions\UtilityFunctions\UtilityFunctions.csproj", "{A1F38FDB-57CE-4513-ACD9-51F160AD8E2E}"
EndProject
Project("{2150E333-8FDC-42A3-9474-1A3956D46DE8}") = "WCFApplications", "WCFApplications", "{C531FD7C-2BA5-428D-A6E6-23C8779A178D}"
EndProject
Project("{2150E333-8FDC-42A3-9474-1A3956D46DE8}") = "RandomnessLibraries", "RandomnessLibraries", "{F3141A34-4E46-461E-A842-E64AA647DA9B}"
EndProject
Project("{FAE04EC0-301F-11D3-BF4B-00C04F79EFBC}") = "RandomDistributions", "RandomnessLibraries\DotNet\RandomDistributions\RandomDistributions.csproj", "{0806EA69-6B1B-4AB3-9B48-D3EC22A67EBD}"
EndProject
Project("{FAE04EC0-301F-11D3-BF4B-00C04F79EFBC}") = "RandomnessDistributionsUnitTest", "RandomnessLibraries\DotNet\RandomnessDistributionsUnitTest\RandomnessDistributionsUnitTest.csproj", "{F640F6EC-660E-4757-AC58-0D2D0468274E}"
EndProject
Project("{8BC9CEB8-8B4A-11D0-8D11-00A0C91BC942}") = "RndDistributions", "RandomnessLibraries\CPlusPlus\RndDistributions\RndDistributions.vcxproj", "{913E932A-17D0-4628-8B5A-D3F0939ABBE9}"
EndProject
Project("{8BC9CEB8-8B4A-11D0-8D11-00A0C91BC942}") = "RndDistributionsUnitTest", "RandomnessLibraries\CPlusPlus\RndDistributionsUnitTest\RndDistributionsUnitTest.vcxproj", "{F53313D2-73AB-48C8-AEBB-895E7E00202F}"
EndProject
Project("{8BC9CEB8-8B4A-11D0-8D11-00A0C91BC942}") = "StdUnitTests", "CPlusPlus\StdUnitTests\StdUnitTests.vcxproj", "{4C0CDC25-BCB2-4028-9F7E-153EB86FACFA}"
EndProject
Project("{FAE04EC0-301F-11D3-BF4B-00C04F79EFBC}") = "HttpClientSample", "HttpClientSample\HttpClientSample.csproj", "{D8F28121-669F-43D6-982D-EA9A20AA14A9}"
EndProject
Global
	GlobalSection(SolutionConfigurationPlatforms) = preSolution
		Debug|Any CPU = Debug|Any CPU
		Debug|x64 = Debug|x64
		Debug|x86 = Debug|x86
		Release|Any CPU = Release|Any CPU
		Release|x64 = Release|x64
		Release|x86 = Release|x86
	EndGlobalSection
	GlobalSection(ProjectConfigurationPlatforms) = postSolution
		{2B554A54-7DC0-4E3D-8E91-8808D3A7D6B2}.Debug|Any CPU.ActiveCfg = Debug|Any CPU
		{2B554A54-7DC0-4E3D-8E91-8808D3A7D6B2}.Debug|Any CPU.Build.0 = Debug|Any CPU
		{2B554A54-7DC0-4E3D-8E91-8808D3A7D6B2}.Debug|x64.ActiveCfg = Debug|Any CPU
		{2B554A54-7DC0-4E3D-8E91-8808D3A7D6B2}.Debug|x64.Build.0 = Debug|Any CPU
		{2B554A54-7DC0-4E3D-8E91-8808D3A7D6B2}.Debug|x86.ActiveCfg = Debug|Any CPU
		{2B554A54-7DC0-4E3D-8E91-8808D3A7D6B2}.Debug|x86.Build.0 = Debug|Any CPU
		{2B554A54-7DC0-4E3D-8E91-8808D3A7D6B2}.Release|Any CPU.ActiveCfg = Release|Any CPU
		{2B554A54-7DC0-4E3D-8E91-8808D3A7D6B2}.Release|Any CPU.Build.0 = Release|Any CPU
		{2B554A54-7DC0-4E3D-8E91-8808D3A7D6B2}.Release|x64.ActiveCfg = Release|Any CPU
		{2B554A54-7DC0-4E3D-8E91-8808D3A7D6B2}.Release|x64.Build.0 = Release|Any CPU
		{2B554A54-7DC0-4E3D-8E91-8808D3A7D6B2}.Release|x86.ActiveCfg = Release|Any CPU
		{2B554A54-7DC0-4E3D-8E91-8808D3A7D6B2}.Release|x86.Build.0 = Release|Any CPU
		{B8C14118-06DC-4E64-A8AC-B645CAE3318E}.Debug|Any CPU.ActiveCfg = Debug|Any CPU
		{B8C14118-06DC-4E64-A8AC-B645CAE3318E}.Debug|Any CPU.Build.0 = Debug|Any CPU
		{B8C14118-06DC-4E64-A8AC-B645CAE3318E}.Debug|x64.ActiveCfg = Debug|Any CPU
		{B8C14118-06DC-4E64-A8AC-B645CAE3318E}.Debug|x64.Build.0 = Debug|Any CPU
		{B8C14118-06DC-4E64-A8AC-B645CAE3318E}.Debug|x86.ActiveCfg = Debug|Any CPU
		{B8C14118-06DC-4E64-A8AC-B645CAE3318E}.Debug|x86.Build.0 = Debug|Any CPU
		{B8C14118-06DC-4E64-A8AC-B645CAE3318E}.Release|Any CPU.ActiveCfg = Release|Any CPU
		{B8C14118-06DC-4E64-A8AC-B645CAE3318E}.Release|Any CPU.Build.0 = Release|Any CPU
		{B8C14118-06DC-4E64-A8AC-B645CAE3318E}.Release|x64.ActiveCfg = Release|Any CPU
		{B8C14118-06DC-4E64-A8AC-B645CAE3318E}.Release|x64.Build.0 = Release|Any CPU
		{B8C14118-06DC-4E64-A8AC-B645CAE3318E}.Release|x86.ActiveCfg = Release|Any CPU
		{B8C14118-06DC-4E64-A8AC-B645CAE3318E}.Release|x86.Build.0 = Release|Any CPU
		{D6B4BFB4-2C51-43E0-AF13-0DF801A21BFD}.Debug|Any CPU.ActiveCfg = Debug|Any CPU
		{D6B4BFB4-2C51-43E0-AF13-0DF801A21BFD}.Debug|Any CPU.Build.0 = Debug|Any CPU
		{D6B4BFB4-2C51-43E0-AF13-0DF801A21BFD}.Debug|x64.ActiveCfg = Debug|Any CPU
		{D6B4BFB4-2C51-43E0-AF13-0DF801A21BFD}.Debug|x64.Build.0 = Debug|Any CPU
		{D6B4BFB4-2C51-43E0-AF13-0DF801A21BFD}.Debug|x86.ActiveCfg = Debug|Any CPU
		{D6B4BFB4-2C51-43E0-AF13-0DF801A21BFD}.Debug|x86.Build.0 = Debug|Any CPU
		{D6B4BFB4-2C51-43E0-AF13-0DF801A21BFD}.Release|Any CPU.ActiveCfg = Release|Any CPU
		{D6B4BFB4-2C51-43E0-AF13-0DF801A21BFD}.Release|Any CPU.Build.0 = Release|Any CPU
		{D6B4BFB4-2C51-43E0-AF13-0DF801A21BFD}.Release|x64.ActiveCfg = Release|Any CPU
		{D6B4BFB4-2C51-43E0-AF13-0DF801A21BFD}.Release|x64.Build.0 = Release|Any CPU
		{D6B4BFB4-2C51-43E0-AF13-0DF801A21BFD}.Release|x86.ActiveCfg = Release|Any CPU
		{D6B4BFB4-2C51-43E0-AF13-0DF801A21BFD}.Release|x86.Build.0 = Release|Any CPU
		{919AD298-DE7F-498F-B71C-C60360DA0169}.Debug|Any CPU.ActiveCfg = Debug|Any CPU
		{919AD298-DE7F-498F-B71C-C60360DA0169}.Debug|Any CPU.Build.0 = Debug|Any CPU
		{919AD298-DE7F-498F-B71C-C60360DA0169}.Debug|x64.ActiveCfg = Debug|Any CPU
		{919AD298-DE7F-498F-B71C-C60360DA0169}.Debug|x64.Build.0 = Debug|Any CPU
		{919AD298-DE7F-498F-B71C-C60360DA0169}.Debug|x86.ActiveCfg = Debug|Any CPU
		{919AD298-DE7F-498F-B71C-C60360DA0169}.Debug|x86.Build.0 = Debug|Any CPU
		{919AD298-DE7F-498F-B71C-C60360DA0169}.Release|Any CPU.ActiveCfg = Release|Any CPU
		{919AD298-DE7F-498F-B71C-C60360DA0169}.Release|Any CPU.Build.0 = Release|Any CPU
		{919AD298-DE7F-498F-B71C-C60360DA0169}.Release|x64.ActiveCfg = Release|Any CPU
		{919AD298-DE7F-498F-B71C-C60360DA0169}.Release|x64.Build.0 = Release|Any CPU
		{919AD298-DE7F-498F-B71C-C60360DA0169}.Release|x86.ActiveCfg = Release|Any CPU
		{919AD298-DE7F-498F-B71C-C60360DA0169}.Release|x86.Build.0 = Release|Any CPU
		{0C8BE616-4193-4C21-B529-407C407DA38C}.Debug|Any CPU.ActiveCfg = Debug|Any CPU
		{0C8BE616-4193-4C21-B529-407C407DA38C}.Debug|Any CPU.Build.0 = Debug|Any CPU
		{0C8BE616-4193-4C21-B529-407C407DA38C}.Debug|x64.ActiveCfg = Debug|Any CPU
		{0C8BE616-4193-4C21-B529-407C407DA38C}.Debug|x64.Build.0 = Debug|Any CPU
		{0C8BE616-4193-4C21-B529-407C407DA38C}.Debug|x86.ActiveCfg = Debug|Any CPU
		{0C8BE616-4193-4C21-B529-407C407DA38C}.Debug|x86.Build.0 = Debug|Any CPU
		{0C8BE616-4193-4C21-B529-407C407DA38C}.Release|Any CPU.ActiveCfg = Release|Any CPU
		{0C8BE616-4193-4C21-B529-407C407DA38C}.Release|Any CPU.Build.0 = Release|Any CPU
		{0C8BE616-4193-4C21-B529-407C407DA38C}.Release|x64.ActiveCfg = Release|Any CPU
		{0C8BE616-4193-4C21-B529-407C407DA38C}.Release|x64.Build.0 = Release|Any CPU
		{0C8BE616-4193-4C21-B529-407C407DA38C}.Release|x86.ActiveCfg = Release|Any CPU
		{0C8BE616-4193-4C21-B529-407C407DA38C}.Release|x86.Build.0 = Release|Any CPU
		{86C0726A-B274-4109-81F6-BB38EAD87999}.Debug|Any CPU.ActiveCfg = Debug|Any CPU
		{86C0726A-B274-4109-81F6-BB38EAD87999}.Debug|Any CPU.Build.0 = Debug|Any CPU
		{86C0726A-B274-4109-81F6-BB38EAD87999}.Debug|x64.ActiveCfg = Debug|Any CPU
		{86C0726A-B274-4109-81F6-BB38EAD87999}.Debug|x64.Build.0 = Debug|Any CPU
		{86C0726A-B274-4109-81F6-BB38EAD87999}.Debug|x86.ActiveCfg = Debug|Any CPU
		{86C0726A-B274-4109-81F6-BB38EAD87999}.Debug|x86.Build.0 = Debug|Any CPU
		{86C0726A-B274-4109-81F6-BB38EAD87999}.Release|Any CPU.ActiveCfg = Release|Any CPU
		{86C0726A-B274-4109-81F6-BB38EAD87999}.Release|Any CPU.Build.0 = Release|Any CPU
		{86C0726A-B274-4109-81F6-BB38EAD87999}.Release|x64.ActiveCfg = Release|Any CPU
		{86C0726A-B274-4109-81F6-BB38EAD87999}.Release|x64.Build.0 = Release|Any CPU
		{86C0726A-B274-4109-81F6-BB38EAD87999}.Release|x86.ActiveCfg = Release|Any CPU
		{86C0726A-B274-4109-81F6-BB38EAD87999}.Release|x86.Build.0 = Release|Any CPU
		{A1F38FDB-57CE-4513-ACD9-51F160AD8E2E}.Debug|Any CPU.ActiveCfg = Debug|Any CPU
		{A1F38FDB-57CE-4513-ACD9-51F160AD8E2E}.Debug|Any CPU.Build.0 = Debug|Any CPU
		{A1F38FDB-57CE-4513-ACD9-51F160AD8E2E}.Debug|x64.ActiveCfg = Debug|Any CPU
		{A1F38FDB-57CE-4513-ACD9-51F160AD8E2E}.Debug|x64.Build.0 = Debug|Any CPU
		{A1F38FDB-57CE-4513-ACD9-51F160AD8E2E}.Debug|x86.ActiveCfg = Debug|Any CPU
		{A1F38FDB-57CE-4513-ACD9-51F160AD8E2E}.Debug|x86.Build.0 = Debug|Any CPU
		{A1F38FDB-57CE-4513-ACD9-51F160AD8E2E}.Release|Any CPU.ActiveCfg = Release|Any CPU
		{A1F38FDB-57CE-4513-ACD9-51F160AD8E2E}.Release|Any CPU.Build.0 = Release|Any CPU
		{A1F38FDB-57CE-4513-ACD9-51F160AD8E2E}.Release|x64.ActiveCfg = Release|Any CPU
		{A1F38FDB-57CE-4513-ACD9-51F160AD8E2E}.Release|x64.Build.0 = Release|Any CPU
		{A1F38FDB-57CE-4513-ACD9-51F160AD8E2E}.Release|x86.ActiveCfg = Release|Any CPU
		{A1F38FDB-57CE-4513-ACD9-51F160AD8E2E}.Release|x86.Build.0 = Release|Any CPU
		{0806EA69-6B1B-4AB3-9B48-D3EC22A67EBD}.Debug|Any CPU.ActiveCfg = Debug|Any CPU
		{0806EA69-6B1B-4AB3-9B48-D3EC22A67EBD}.Debug|Any CPU.Build.0 = Debug|Any CPU
		{0806EA69-6B1B-4AB3-9B48-D3EC22A67EBD}.Debug|x64.ActiveCfg = Debug|Any CPU
		{0806EA69-6B1B-4AB3-9B48-D3EC22A67EBD}.Debug|x64.Build.0 = Debug|Any CPU
		{0806EA69-6B1B-4AB3-9B48-D3EC22A67EBD}.Debug|x86.ActiveCfg = Debug|Any CPU
		{0806EA69-6B1B-4AB3-9B48-D3EC22A67EBD}.Debug|x86.Build.0 = Debug|Any CPU
		{0806EA69-6B1B-4AB3-9B48-D3EC22A67EBD}.Release|Any CPU.ActiveCfg = Release|Any CPU
		{0806EA69-6B1B-4AB3-9B48-D3EC22A67EBD}.Release|Any CPU.Build.0 = Release|Any CPU
		{0806EA69-6B1B-4AB3-9B48-D3EC22A67EBD}.Release|x64.ActiveCfg = Release|Any CPU
		{0806EA69-6B1B-4AB3-9B48-D3EC22A67EBD}.Release|x64.Build.0 = Release|Any CPU
		{0806EA69-6B1B-4AB3-9B48-D3EC22A67EBD}.Release|x86.ActiveCfg = Release|Any CPU
		{0806EA69-6B1B-4AB3-9B48-D3EC22A67EBD}.Release|x86.Build.0 = Release|Any CPU
		{F640F6EC-660E-4757-AC58-0D2D0468274E}.Debug|Any CPU.ActiveCfg = Debug|Any CPU
		{F640F6EC-660E-4757-AC58-0D2D0468274E}.Debug|Any CPU.Build.0 = Debug|Any CPU
		{F640F6EC-660E-4757-AC58-0D2D0468274E}.Debug|x64.ActiveCfg = Debug|Any CPU
		{F640F6EC-660E-4757-AC58-0D2D0468274E}.Debug|x64.Build.0 = Debug|Any CPU
		{F640F6EC-660E-4757-AC58-0D2D0468274E}.Debug|x86.ActiveCfg = Debug|Any CPU
		{F640F6EC-660E-4757-AC58-0D2D0468274E}.Debug|x86.Build.0 = Debug|Any CPU
		{F640F6EC-660E-4757-AC58-0D2D0468274E}.Release|Any CPU.ActiveCfg = Release|Any CPU
		{F640F6EC-660E-4757-AC58-0D2D0468274E}.Release|Any CPU.Build.0 = Release|Any CPU
		{F640F6EC-660E-4757-AC58-0D2D0468274E}.Release|x64.ActiveCfg = Release|Any CPU
		{F640F6EC-660E-4757-AC58-0D2D0468274E}.Release|x64.Build.0 = Release|Any CPU
		{F640F6EC-660E-4757-AC58-0D2D0468274E}.Release|x86.ActiveCfg = Release|Any CPU
		{F640F6EC-660E-4757-AC58-0D2D0468274E}.Release|x86.Build.0 = Release|Any CPU
		{913E932A-17D0-4628-8B5A-D3F0939ABBE9}.Debug|Any CPU.ActiveCfg = Debug|Win32
		{913E932A-17D0-4628-8B5A-D3F0939ABBE9}.Debug|x64.ActiveCfg = Debug|x64
		{913E932A-17D0-4628-8B5A-D3F0939ABBE9}.Debug|x64.Build.0 = Debug|x64
		{913E932A-17D0-4628-8B5A-D3F0939ABBE9}.Debug|x86.ActiveCfg = Debug|Win32
		{913E932A-17D0-4628-8B5A-D3F0939ABBE9}.Debug|x86.Build.0 = Debug|Win32
		{913E932A-17D0-4628-8B5A-D3F0939ABBE9}.Release|Any CPU.ActiveCfg = Release|Win32
		{913E932A-17D0-4628-8B5A-D3F0939ABBE9}.Release|x64.ActiveCfg = Release|x64
		{913E932A-17D0-4628-8B5A-D3F0939ABBE9}.Release|x64.Build.0 = Release|x64
		{913E932A-17D0-4628-8B5A-D3F0939ABBE9}.Release|x86.ActiveCfg = Release|Win32
		{913E932A-17D0-4628-8B5A-D3F0939ABBE9}.Release|x86.Build.0 = Release|Win32
		{F53313D2-73AB-48C8-AEBB-895E7E00202F}.Debug|Any CPU.ActiveCfg = Debug|Win32
		{F53313D2-73AB-48C8-AEBB-895E7E00202F}.Debug|x64.ActiveCfg = Debug|x64
		{F53313D2-73AB-48C8-AEBB-895E7E00202F}.Debug|x64.Build.0 = Debug|x64
		{F53313D2-73AB-48C8-AEBB-895E7E00202F}.Debug|x86.ActiveCfg = Debug|Win32
		{F53313D2-73AB-48C8-AEBB-895E7E00202F}.Debug|x86.Build.0 = Debug|Win32
		{F53313D2-73AB-48C8-AEBB-895E7E00202F}.Release|Any CPU.ActiveCfg = Release|Win32
		{F53313D2-73AB-48C8-AEBB-895E7E00202F}.Release|x64.ActiveCfg = Release|x64
		{F53313D2-73AB-48C8-AEBB-895E7E00202F}.Release|x64.Build.0 = Release|x64
		{F53313D2-73AB-48C8-AEBB-895E7E00202F}.Release|x86.ActiveCfg = Release|Win32
		{F53313D2-73AB-48C8-AEBB-895E7E00202F}.Release|x86.Build.0 = Release|Win32
		{4C0CDC25-BCB2-4028-9F7E-153EB86FACFA}.Debug|Any CPU.ActiveCfg = Debug|Win32
		{4C0CDC25-BCB2-4028-9F7E-153EB86FACFA}.Debug|x64.ActiveCfg = Debug|x64
		{4C0CDC25-BCB2-4028-9F7E-153EB86FACFA}.Debug|x64.Build.0 = Debug|x64
		{4C0CDC25-BCB2-4028-9F7E-153EB86FACFA}.Debug|x86.ActiveCfg = Debug|Win32
		{4C0CDC25-BCB2-4028-9F7E-153EB86FACFA}.Debug|x86.Build.0 = Debug|Win32
		{4C0CDC25-BCB2-4028-9F7E-153EB86FACFA}.Release|Any CPU.ActiveCfg = Release|Win32
		{4C0CDC25-BCB2-4028-9F7E-153EB86FACFA}.Release|x64.ActiveCfg = Release|x64
		{4C0CDC25-BCB2-4028-9F7E-153EB86FACFA}.Release|x64.Build.0 = Release|x64
		{4C0CDC25-BCB2-4028-9F7E-153EB86FACFA}.Release|x86.ActiveCfg = Release|Win32
		{4C0CDC25-BCB2-4028-9F7E-153EB86FACFA}.Release|x86.Build.0 = Release|Win32
		{D8F28121-669F-43D6-982D-EA9A20AA14A9}.Debug|Any CPU.ActiveCfg = Debug|Any CPU
		{D8F28121-669F-43D6-982D-EA9A20AA14A9}.Debug|Any CPU.Build.0 = Debug|Any CPU
		{D8F28121-669F-43D6-982D-EA9A20AA14A9}.Debug|x64.ActiveCfg = Debug|Any CPU
		{D8F28121-669F-43D6-982D-EA9A20AA14A9}.Debug|x64.Build.0 = Debug|Any CPU
		{D8F28121-669F-43D6-982D-EA9A20AA14A9}.Debug|x86.ActiveCfg = Debug|Any CPU
		{D8F28121-669F-43D6-982D-EA9A20AA14A9}.Debug|x86.Build.0 = Debug|Any CPU
		{D8F28121-669F-43D6-982D-EA9A20AA14A9}.Release|Any CPU.ActiveCfg = Release|Any CPU
		{D8F28121-669F-43D6-982D-EA9A20AA14A9}.Release|Any CPU.Build.0 = Release|Any CPU
		{D8F28121-669F-43D6-982D-EA9A20AA14A9}.Release|x64.ActiveCfg = Release|Any CPU
		{D8F28121-669F-43D6-982D-EA9A20AA14A9}.Release|x64.Build.0 = Release|Any CPU
		{D8F28121-669F-43D6-982D-EA9A20AA14A9}.Release|x86.ActiveCfg = Release|Any CPU
		{D8F28121-669F-43D6-982D-EA9A20AA14A9}.Release|x86.Build.0 = Release|Any CPU
	EndGlobalSection
	GlobalSection(SolutionProperties) = preSolution
		HideSolutionNode = FALSE
	EndGlobalSection
	GlobalSection(NestedProjects) = preSolution
		{919AD298-DE7F-498F-B71C-C60360DA0169} = {C531FD7C-2BA5-428D-A6E6-23C8779A178D}
		{0C8BE616-4193-4C21-B529-407C407DA38C} = {C531FD7C-2BA5-428D-A6E6-23C8779A178D}
		{86C0726A-B274-4109-81F6-BB38EAD87999} = {C531FD7C-2BA5-428D-A6E6-23C8779A178D}
		{0806EA69-6B1B-4AB3-9B48-D3EC22A67EBD} = {F3141A34-4E46-461E-A842-E64AA647DA9B}
		{F640F6EC-660E-4757-AC58-0D2D0468274E} = {F3141A34-4E46-461E-A842-E64AA647DA9B}
		{913E932A-17D0-4628-8B5A-D3F0939ABBE9} = {F3141A34-4E46-461E-A842-E64AA647DA9B}
		{F53313D2-73AB-48C8-AEBB-895E7E00202F} = {F3141A34-4E46-461E-A842-E64AA647DA9B}
	EndGlobalSection
	GlobalSection(ExtensibilityGlobals) = postSolution
		SolutionGuid = {BAE03D83-60C0-41EF-A09E-63983051A8F3}
	EndGlobalSection
EndGlobal
